// !$*UTF8*$!
{
	archiveVersion = 1;
	classes = {
	};
	objectVersion = 56;
	objects = {

/* Begin PBXBuildFile section */
		FD5D49BA2B7362CB009F8933 /* iphoneappApp.swift in Sources */ = {isa = PBXBuildFile; fileRef = FD5D49B92B7362CB009F8933 /* iphoneappApp.swift */; };
		FD5D49BC2B7362CB009F8933 /* ContentView.swift in Sources */ = {isa = PBXBuildFile; fileRef = FD5D49BB2B7362CB009F8933 /* ContentView.swift */; };
		FD5D49BE2B7362CF009F8933 /* Assets.xcassets in Resources */ = {isa = PBXBuildFile; fileRef = FD5D49BD2B7362CF009F8933 /* Assets.xcassets */; };
		FD5D49C22B7362CF009F8933 /* Preview Assets.xcassets in Resources */ = {isa = PBXBuildFile; fileRef = FD5D49C12B7362CF009F8933 /* Preview Assets.xcassets */; };
		FD5D49CC2B7362D0009F8933 /* iphoneappTests.swift in Sources */ = {isa = PBXBuildFile; fileRef = FD5D49CB2B7362D0009F8933 /* iphoneappTests.swift */; };
		FD5D49D62B7362D0009F8933 /* iphoneappUITests.swift in Sources */ = {isa = PBXBuildFile; fileRef = FD5D49D52B7362D0009F8933 /* iphoneappUITests.swift */; };
		FD5D49D82B7362D0009F8933 /* iphoneappUITestsLaunchTests.swift in Sources */ = {isa = PBXBuildFile; fileRef = FD5D49D72B7362D0009F8933 /* iphoneappUITestsLaunchTests.swift */; };
/* End PBXBuildFile section */

/* Begin PBXContainerItemProxy section */
		FD5D49C82B7362D0009F8933 /* PBXContainerItemProxy */ = {
			isa = PBXContainerItemProxy;
			containerPortal = FD5D49AE2B7362CB009F8933 /* Project object */;
			proxyType = 1;
			remoteGlobalIDString = FD5D49B52B7362CB009F8933;
			remoteInfo = iphoneapp;
		};
		FD5D49D22B7362D0009F8933 /* PBXContainerItemProxy */ = {
			isa = PBXContainerItemProxy;
			containerPortal = FD5D49AE2B7362CB009F8933 /* Project object */;
			proxyType = 1;
			remoteGlobalIDString = FD5D49B52B7362CB009F8933;
			remoteInfo = iphoneapp;
		};
/* End PBXContainerItemProxy section */

/* Begin PBXFileReference section */
		FD5D49B62B7362CB009F8933 /* iphoneapp.app */ = {isa = PBXFileReference; explicitFileType = wrapper.application; includeInIndex = 0; path = iphoneapp.app; sourceTree = BUILT_PRODUCTS_DIR; };
		FD5D49B92B7362CB009F8933 /* iphoneappApp.swift */ = {isa = PBXFileReference; lastKnownFileType = sourcecode.swift; path = iphoneappApp.swift; sourceTree = "<group>"; };
		FD5D49BB2B7362CB009F8933 /* ContentView.swift */ = {isa = PBXFileReference; lastKnownFileType = sourcecode.swift; path = ContentView.swift; sourceTree = "<group>"; };
		FD5D49BD2B7362CF009F8933 /* Assets.xcassets */ = {isa = PBXFileReference; lastKnownFileType = folder.assetcatalog; path = Assets.xcassets; sourceTree = "<group>"; };
		FD5D49BF2B7362CF009F8933 /* iphoneapp.entitlements */ = {isa = PBXFileReference; lastKnownFileType = text.plist.entitlements; path = iphoneapp.entitlements; sourceTree = "<group>"; };
		FD5D49C12B7362CF009F8933 /* Preview Assets.xcassets */ = {isa = PBXFileReference; lastKnownFileType = folder.assetcatalog; path = "Preview Assets.xcassets"; sourceTree = "<group>"; };
		FD5D49C72B7362CF009F8933 /* iphoneappTests.xctest */ = {isa = PBXFileReference; explicitFileType = wrapper.cfbundle; includeInIndex = 0; path = iphoneappTests.xctest; sourceTree = BUILT_PRODUCTS_DIR; };
		FD5D49CB2B7362D0009F8933 /* iphoneappTests.swift */ = {isa = PBXFileReference; lastKnownFileType = sourcecode.swift; path = iphoneappTests.swift; sourceTree = "<group>"; };
		FD5D49D12B7362D0009F8933 /* iphoneappUITests.xctest */ = {isa = PBXFileReference; explicitFileType = wrapper.cfbundle; includeInIndex = 0; path = iphoneappUITests.xctest; sourceTree = BUILT_PRODUCTS_DIR; };
		FD5D49D52B7362D0009F8933 /* iphoneappUITests.swift */ = {isa = PBXFileReference; lastKnownFileType = sourcecode.swift; path = iphoneappUITests.swift; sourceTree = "<group>"; };
		FD5D49D72B7362D0009F8933 /* iphoneappUITestsLaunchTests.swift */ = {isa = PBXFileReference; lastKnownFileType = sourcecode.swift; path = iphoneappUITestsLaunchTests.swift; sourceTree = "<group>"; };
/* End PBXFileReference section */

/* Begin PBXFrameworksBuildPhase section */
		FD5D49B32B7362CB009F8933 /* Frameworks */ = {
			isa = PBXFrameworksBuildPhase;
			buildActionMask = 2147483647;
			files = (
			);
			runOnlyForDeploymentPostprocessing = 0;
		};
		FD5D49C42B7362CF009F8933 /* Frameworks */ = {
			isa = PBXFrameworksBuildPhase;
			buildActionMask = 2147483647;
			files = (
			);
			runOnlyForDeploymentPostprocessing = 0;
		};
		FD5D49CE2B7362D0009F8933 /* Frameworks */ = {
			isa = PBXFrameworksBuildPhase;
			buildActionMask = 2147483647;
			files = (
			);
			runOnlyForDeploymentPostprocessing = 0;
		};
/* End PBXFrameworksBuildPhase section */

/* Begin PBXGroup section */
		FD5D49AD2B7362CB009F8933 = {
			isa = PBXGroup;
			children = (
				FD5D49B82B7362CB009F8933 /* iphoneapp */,
				FD5D49CA2B7362D0009F8933 /* iphoneappTests */,
				FD5D49D42B7362D0009F8933 /* iphoneappUITests */,
				FD5D49B72B7362CB009F8933 /* Products */,
			);
			sourceTree = "<group>";
		};
		FD5D49B72B7362CB009F8933 /* Products */ = {
			isa = PBXGroup;
			children = (
				FD5D49B62B7362CB009F8933 /* iphoneapp.app */,
				FD5D49C72B7362CF009F8933 /* iphoneappTests.xctest */,
				FD5D49D12B7362D0009F8933 /* iphoneappUITests.xctest */,
			);
			name = Products;
			sourceTree = "<group>";
		};
		FD5D49B82B7362CB009F8933 /* iphoneapp */ = {
			isa = PBXGroup;
			children = (
				FD5D49B92B7362CB009F8933 /* iphoneappApp.swift */,
				FD5D49BB2B7362CB009F8933 /* ContentView.swift */,
				FD5D49BD2B7362CF009F8933 /* Assets.xcassets */,
				FD5D49BF2B7362CF009F8933 /* iphoneapp.entitlements */,
				FD5D49C02B7362CF009F8933 /* Preview Content */,
			);
			path = iphoneapp;
			sourceTree = "<group>";
		};
		FD5D49C02B7362CF009F8933 /* Preview Content */ = {
			isa = PBXGroup;
			children = (
				FD5D49C12B7362CF009F8933 /* Preview Assets.xcassets */,
			);
			path = "Preview Content";
			sourceTree = "<group>";
		};
		FD5D49CA2B7362D0009F8933 /* iphoneappTests */ = {
			isa = PBXGroup;
			children = (
				FD5D49CB2B7362D0009F8933 /* iphoneappTests.swift */,
			);
			path = iphoneappTests;
			sourceTree = "<group>";
		};
		FD5D49D42B7362D0009F8933 /* iphoneappUITests */ = {
			isa = PBXGroup;
			children = (
				FD5D49D52B7362D0009F8933 /* iphoneappUITests.swift */,
				FD5D49D72B7362D0009F8933 /* iphoneappUITestsLaunchTests.swift */,
			);
			path = iphoneappUITests;
			sourceTree = "<group>";
		};
/* End PBXGroup section */

/* Begin PBXNativeTarget section */
		FD5D49B52B7362CB009F8933 /* iphoneapp */ = {
			isa = PBXNativeTarget;
			buildConfigurationList = FD5D49DB2B7362D0009F8933 /* Build configuration list for PBXNativeTarget "iphoneapp" */;
			buildPhases = (
				FD5D49B22B7362CB009F8933 /* Sources */,
				FD5D49B32B7362CB009F8933 /* Frameworks */,
				FD5D49B42B7362CB009F8933 /* Resources */,
			);
			buildRules = (
			);
			dependencies = (
			);
			name = iphoneapp;
			productName = iphoneapp;
			productReference = FD5D49B62B7362CB009F8933 /* iphoneapp.app */;
			productType = "com.apple.product-type.application";
		};
		FD5D49C62B7362CF009F8933 /* iphoneappTests */ = {
			isa = PBXNativeTarget;
			buildConfigurationList = FD5D49DE2B7362D0009F8933 /* Build configuration list for PBXNativeTarget "iphoneappTests" */;
			buildPhases = (
				FD5D49C32B7362CF009F8933 /* Sources */,
				FD5D49C42B7362CF009F8933 /* Frameworks */,
				FD5D49C52B7362CF009F8933 /* Resources */,
			);
			buildRules = (
			);
			dependencies = (
				FD5D49C92B7362D0009F8933 /* PBXTargetDependency */,
			);
			name = iphoneappTests;
			productName = iphoneappTests;
			productReference = FD5D49C72B7362CF009F8933 /* iphoneappTests.xctest */;
			productType = "com.apple.product-type.bundle.unit-test";
		};
		FD5D49D02B7362D0009F8933 /* iphoneappUITests */ = {
			isa = PBXNativeTarget;
			buildConfigurationList = FD5D49E12B7362D0009F8933 /* Build configuration list for PBXNativeTarget "iphoneappUITests" */;
			buildPhases = (
				FD5D49CD2B7362D0009F8933 /* Sources */,
				FD5D49CE2B7362D0009F8933 /* Frameworks */,
				FD5D49CF2B7362D0009F8933 /* Resources */,
			);
			buildRules = (
			);
			dependencies = (
				FD5D49D32B7362D0009F8933 /* PBXTargetDependency */,
			);
			name = iphoneappUITests;
			productName = iphoneappUITests;
			productReference = FD5D49D12B7362D0009F8933 /* iphoneappUITests.xctest */;
			productType = "com.apple.product-type.bundle.ui-testing";
		};
/* End PBXNativeTarget section */

/* Begin PBXProject section */
		FD5D49AE2B7362CB009F8933 /* Project object */ = {
			isa = PBXProject;
			attributes = {
				BuildIndependentTargetsInParallel = 1;
				LastSwiftUpdateCheck = 1520;
				LastUpgradeCheck = 1520;
				TargetAttributes = {
					FD5D49B52B7362CB009F8933 = {
						CreatedOnToolsVersion = 15.2;
					};
					FD5D49C62B7362CF009F8933 = {
						CreatedOnToolsVersion = 15.2;
						TestTargetID = FD5D49B52B7362CB009F8933;
					};
					FD5D49D02B7362D0009F8933 = {
						CreatedOnToolsVersion = 15.2;
						TestTargetID = FD5D49B52B7362CB009F8933;
					};
				};
			};
			buildConfigurationList = FD5D49B12B7362CB009F8933 /* Build configuration list for PBXProject "iphoneapp" */;
			compatibilityVersion = "Xcode 14.0";
			developmentRegion = en;
			hasScannedForEncodings = 0;
			knownRegions = (
				en,
				Base,
			);
			mainGroup = FD5D49AD2B7362CB009F8933;
			productRefGroup = FD5D49B72B7362CB009F8933 /* Products */;
			projectDirPath = "";
			projectRoot = "";
			targets = (
				FD5D49B52B7362CB009F8933 /* iphoneapp */,
				FD5D49C62B7362CF009F8933 /* iphoneappTests */,
				FD5D49D02B7362D0009F8933 /* iphoneappUITests */,
			);
		};
/* End PBXProject section */

/* Begin PBXResourcesBuildPhase section */
		FD5D49B42B7362CB009F8933 /* Resources */ = {
			isa = PBXResourcesBuildPhase;
			buildActionMask = 2147483647;
			files = (
				FD5D49C22B7362CF009F8933 /* Preview Assets.xcassets in Resources */,
				FD5D49BE2B7362CF009F8933 /* Assets.xcassets in Resources */,
			);
			runOnlyForDeploymentPostprocessing = 0;
		};
		FD5D49C52B7362CF009F8933 /* Resources */ = {
			isa = PBXResourcesBuildPhase;
			buildActionMask = 2147483647;
			files = (
			);
			runOnlyForDeploymentPostprocessing = 0;
		};
		FD5D49CF2B7362D0009F8933 /* Resources */ = {
			isa = PBXResourcesBuildPhase;
			buildActionMask = 2147483647;
			files = (
			);
			runOnlyForDeploymentPostprocessing = 0;
		};
/* End PBXResourcesBuildPhase section */

/* Begin PBXSourcesBuildPhase section */
		FD5D49B22B7362CB009F8933 /* Sources */ = {
			isa = PBXSourcesBuildPhase;
			buildActionMask = 2147483647;
			files = (
				FD5D49BC2B7362CB009F8933 /* ContentView.swift in Sources */,
				FD5D49BA2B7362CB009F8933 /* iphoneappApp.swift in Sources */,
			);
			runOnlyForDeploymentPostprocessing = 0;
		};
		FD5D49C32B7362CF009F8933 /* Sources */ = {
			isa = PBXSourcesBuildPhase;
			buildActionMask = 2147483647;
			files = (
				FD5D49CC2B7362D0009F8933 /* iphoneappTests.swift in Sources */,
			);
			runOnlyForDeploymentPostprocessing = 0;
		};
		FD5D49CD2B7362D0009F8933 /* Sources */ = {
			isa = PBXSourcesBuildPhase;
			buildActionMask = 2147483647;
			files = (
				FD5D49D62B7362D0009F8933 /* iphoneappUITests.swift in Sources */,
				FD5D49D82B7362D0009F8933 /* iphoneappUITestsLaunchTests.swift in Sources */,
			);
			runOnlyForDeploymentPostprocessing = 0;
		};
/* End PBXSourcesBuildPhase section */

/* Begin PBXTargetDependency section */
		FD5D49C92B7362D0009F8933 /* PBXTargetDependency */ = {
			isa = PBXTargetDependency;
			target = FD5D49B52B7362CB009F8933 /* iphoneapp */;
			targetProxy = FD5D49C82B7362D0009F8933 /* PBXContainerItemProxy */;
		};
		FD5D49D32B7362D0009F8933 /* PBXTargetDependency */ = {
			isa = PBXTargetDependency;
			target = FD5D49B52B7362CB009F8933 /* iphoneapp */;
			targetProxy = FD5D49D22B7362D0009F8933 /* PBXContainerItemProxy */;
		};
/* End PBXTargetDependency section */

/* Begin XCBuildConfiguration section */
		FD5D49D92B7362D0009F8933 /* Debug */ = {
			isa = XCBuildConfiguration;
			buildSettings = {
				ALWAYS_SEARCH_USER_PATHS = NO;
				ASSETCATALOG_COMPILER_GENERATE_SWIFT_ASSET_SYMBOL_EXTENSIONS = YES;
				CLANG_ANALYZER_NONNULL = YES;
				CLANG_ANALYZER_NUMBER_OBJECT_CONVERSION = YES_AGGRESSIVE;
				CLANG_CXX_LANGUAGE_STANDARD = "gnu++20";
				CLANG_ENABLE_MODULES = YES;
				CLANG_ENABLE_OBJC_ARC = YES;
				CLANG_ENABLE_OBJC_WEAK = YES;
				CLANG_WARN_BLOCK_CAPTURE_AUTORELEASING = YES;
				CLANG_WARN_BOOL_CONVERSION = YES;
				CLANG_WARN_COMMA = YES;
				CLANG_WARN_CONSTANT_CONVERSION = YES;
				CLANG_WARN_DEPRECATED_OBJC_IMPLEMENTATIONS = YES;
				CLANG_WARN_DIRECT_OBJC_ISA_USAGE = YES_ERROR;
				CLANG_WARN_DOCUMENTATION_COMMENTS = YES;
				CLANG_WARN_EMPTY_BODY = YES;
				CLANG_WARN_ENUM_CONVERSION = YES;
				CLANG_WARN_INFINITE_RECURSION = YES;
				CLANG_WARN_INT_CONVERSION = YES;
				CLANG_WARN_NON_LITERAL_NULL_CONVERSION = YES;
				CLANG_WARN_OBJC_IMPLICIT_RETAIN_SELF = YES;
				CLANG_WARN_OBJC_LITERAL_CONVERSION = YES;
				CLANG_WARN_OBJC_ROOT_CLASS = YES_ERROR;
				CLANG_WARN_QUOTED_INCLUDE_IN_FRAMEWORK_HEADER = YES;
				CLANG_WARN_RANGE_LOOP_ANALYSIS = YES;
				CLANG_WARN_STRICT_PROTOTYPES = YES;
				CLANG_WARN_SUSPICIOUS_MOVE = YES;
				CLANG_WARN_UNGUARDED_AVAILABILITY = YES_AGGRESSIVE;
				CLANG_WARN_UNREACHABLE_CODE = YES;
				CLANG_WARN__DUPLICATE_METHOD_MATCH = YES;
				COPY_PHASE_STRIP = NO;
				DEBUG_INFORMATION_FORMAT = dwarf;
				ENABLE_STRICT_OBJC_MSGSEND = YES;
				ENABLE_TESTABILITY = YES;
				ENABLE_USER_SCRIPT_SANDBOXING = YES;
				GCC_C_LANGUAGE_STANDARD = gnu17;
				GCC_DYNAMIC_NO_PIC = NO;
				GCC_NO_COMMON_BLOCKS = YES;
				GCC_OPTIMIZATION_LEVEL = 0;
				GCC_PREPROCESSOR_DEFINITIONS = (
					"DEBUG=1",
					"$(inherited)",
				);
				GCC_WARN_64_TO_32_BIT_CONVERSION = YES;
				GCC_WARN_ABOUT_RETURN_TYPE = YES_ERROR;
				GCC_WARN_UNDECLARED_SELECTOR = YES;
				GCC_WARN_UNINITIALIZED_AUTOS = YES_AGGRESSIVE;
				GCC_WARN_UNUSED_FUNCTION = YES;
				GCC_WARN_UNUSED_VARIABLE = YES;
				LOCALIZATION_PREFERS_STRING_CATALOGS = YES;
				MTL_ENABLE_DEBUG_INFO = INCLUDE_SOURCE;
				MTL_FAST_MATH = YES;
				ONLY_ACTIVE_ARCH = YES;
				SWIFT_ACTIVE_COMPILATION_CONDITIONS = "DEBUG $(inherited)";
				SWIFT_OPTIMIZATION_LEVEL = "-Onone";
			};
			name = Debug;
		};
		FD5D49DA2B7362D0009F8933 /* Release */ = {
			isa = XCBuildConfiguration;
			buildSettings = {
				ALWAYS_SEARCH_USER_PATHS = NO;
				ASSETCATALOG_COMPILER_GENERATE_SWIFT_ASSET_SYMBOL_EXTENSIONS = YES;
				CLANG_ANALYZER_NONNULL = YES;
				CLANG_ANALYZER_NUMBER_OBJECT_CONVERSION = YES_AGGRESSIVE;
				CLANG_CXX_LANGUAGE_STANDARD = "gnu++20";
				CLANG_ENABLE_MODULES = YES;
				CLANG_ENABLE_OBJC_ARC = YES;
				CLANG_ENABLE_OBJC_WEAK = YES;
				CLANG_WARN_BLOCK_CAPTURE_AUTORELEASING = YES;
				CLANG_WARN_BOOL_CONVERSION = YES;
				CLANG_WARN_COMMA = YES;
				CLANG_WARN_CONSTANT_CONVERSION = YES;
				CLANG_WARN_DEPRECATED_OBJC_IMPLEMENTATIONS = YES;
				CLANG_WARN_DIRECT_OBJC_ISA_USAGE = YES_ERROR;
				CLANG_WARN_DOCUMENTATION_COMMENTS = YES;
				CLANG_WARN_EMPTY_BODY = YES;
				CLANG_WARN_ENUM_CONVERSION = YES;
				CLANG_WARN_INFINITE_RECURSION = YES;
				CLANG_WARN_INT_CONVERSION = YES;
				CLANG_WARN_NON_LITERAL_NULL_CONVERSION = YES;
				CLANG_WARN_OBJC_IMPLICIT_RETAIN_SELF = YES;
				CLANG_WARN_OBJC_LITERAL_CONVERSION = YES;
				CLANG_WARN_OBJC_ROOT_CLASS = YES_ERROR;
				CLANG_WARN_QUOTED_INCLUDE_IN_FRAMEWORK_HEADER = YES;
				CLANG_WARN_RANGE_LOOP_ANALYSIS = YES;
				CLANG_WARN_STRICT_PROTOTYPES = YES;
				CLANG_WARN_SUSPICIOUS_MOVE = YES;
				CLANG_WARN_UNGUARDED_AVAILABILITY = YES_AGGRESSIVE;
				CLANG_WARN_UNREACHABLE_CODE = YES;
				CLANG_WARN__DUPLICATE_METHOD_MATCH = YES;
				COPY_PHASE_STRIP = NO;
				DEBUG_INFORMATION_FORMAT = "dwarf-with-dsym";
				ENABLE_NS_ASSERTIONS = NO;
				ENABLE_STRICT_OBJC_MSGSEND = YES;
				ENABLE_USER_SCRIPT_SANDBOXING = YES;
				GCC_C_LANGUAGE_STANDARD = gnu17;
				GCC_NO_COMMON_BLOCKS = YES;
				GCC_WARN_64_TO_32_BIT_CONVERSION = YES;
				GCC_WARN_ABOUT_RETURN_TYPE = YES_ERROR;
				GCC_WARN_UNDECLARED_SELECTOR = YES;
				GCC_WARN_UNINITIALIZED_AUTOS = YES_AGGRESSIVE;
				GCC_WARN_UNUSED_FUNCTION = YES;
				GCC_WARN_UNUSED_VARIABLE = YES;
				LOCALIZATION_PREFERS_STRING_CATALOGS = YES;
				MTL_ENABLE_DEBUG_INFO = NO;
				MTL_FAST_MATH = YES;
				SWIFT_COMPILATION_MODE = wholemodule;
			};
			name = Release;
		};
		FD5D49DC2B7362D0009F8933 /* Debug */ = {
			isa = XCBuildConfiguration;
			buildSettings = {
				ASSETCATALOG_COMPILER_APPICON_NAME = AppIcon;
				ASSETCATALOG_COMPILER_GLOBAL_ACCENT_COLOR_NAME = AccentColor;
				CODE_SIGN_ENTITLEMENTS = iphoneapp/iphoneapp.entitlements;
				CODE_SIGN_STYLE = Automatic;
				CURRENT_PROJECT_VERSION = 1;
				DEVELOPMENT_ASSET_PATHS = "\"iphoneapp/Preview Content\"";
				ENABLE_PREVIEWS = YES;
				GENERATE_INFOPLIST_FILE = YES;
				"INFOPLIST_KEY_UIApplicationSceneManifest_Generation[sdk=iphoneos*]" = YES;
				"INFOPLIST_KEY_UIApplicationSceneManifest_Generation[sdk=iphonesimulator*]" = YES;
				"INFOPLIST_KEY_UIApplicationSupportsIndirectInputEvents[sdk=iphoneos*]" = YES;
				"INFOPLIST_KEY_UIApplicationSupportsIndirectInputEvents[sdk=iphonesimulator*]" = YES;
				"INFOPLIST_KEY_UILaunchScreen_Generation[sdk=iphoneos*]" = YES;
				"INFOPLIST_KEY_UILaunchScreen_Generation[sdk=iphonesimulator*]" = YES;
				"INFOPLIST_KEY_UIStatusBarStyle[sdk=iphoneos*]" = UIStatusBarStyleDefault;
				"INFOPLIST_KEY_UIStatusBarStyle[sdk=iphonesimulator*]" = UIStatusBarStyleDefault;
				INFOPLIST_KEY_UISupportedInterfaceOrientations_iPad = "UIInterfaceOrientationPortrait UIInterfaceOrientationPortraitUpsideDown UIInterfaceOrientationLandscapeLeft UIInterfaceOrientationLandscapeRight";
				INFOPLIST_KEY_UISupportedInterfaceOrientations_iPhone = "UIInterfaceOrientationPortrait UIInterfaceOrientationLandscapeLeft UIInterfaceOrientationLandscapeRight";
				IPHONEOS_DEPLOYMENT_TARGET = 17.2;
				LD_RUNPATH_SEARCH_PATHS = "@executable_path/Frameworks";
				"LD_RUNPATH_SEARCH_PATHS[sdk=macosx*]" = "@executable_path/../Frameworks";
				MACOSX_DEPLOYMENT_TARGET = 14.2;
				MARKETING_VERSION = 1.0;
				PRODUCT_BUNDLE_IDENTIFIER = ash.iphoneapp;
				PRODUCT_NAME = "$(TARGET_NAME)";
				SDKROOT = auto;
				SUPPORTED_PLATFORMS = "iphoneos iphonesimulator macosx";
				SWIFT_EMIT_LOC_STRINGS = YES;
				SWIFT_VERSION = 5.0;
				TARGETED_DEVICE_FAMILY = "1,2";
			};
			name = Debug;
		};
		FD5D49DD2B7362D0009F8933 /* Release */ = {
			isa = XCBuildConfiguration;
			buildSettings = {
				ASSETCATALOG_COMPILER_APPICON_NAME = AppIcon;
				ASSETCATALOG_COMPILER_GLOBAL_ACCENT_COLOR_NAME = AccentColor;
				CODE_SIGN_ENTITLEMENTS = iphoneapp/iphoneapp.entitlements;
				CODE_SIGN_STYLE = Automatic;
				CURRENT_PROJECT_VERSION = 1;
				DEVELOPMENT_ASSET_PATHS = "\"iphoneapp/Preview Content\"";
				ENABLE_PREVIEWS = YES;
				GENERATE_INFOPLIST_FILE = YES;
				"INFOPLIST_KEY_UIApplicationSceneManifest_Generation[sdk=iphoneos*]" = YES;
				"INFOPLIST_KEY_UIApplicationSceneManifest_Generation[sdk=iphonesimulator*]" = YES;
				"INFOPLIST_KEY_UIApplicationSupportsIndirectInputEvents[sdk=iphoneos*]" = YES;
				"INFOPLIST_KEY_UIApplicationSupportsIndirectInputEvents[sdk=iphonesimulator*]" = YES;
				"INFOPLIST_KEY_UILaunchScreen_Generation[sdk=iphoneos*]" = YES;
				"INFOPLIST_KEY_UILaunchScreen_Generation[sdk=iphonesimulator*]" = YES;
				"INFOPLIST_KEY_UIStatusBarStyle[sdk=iphoneos*]" = UIStatusBarStyleDefault;
				"INFOPLIST_KEY_UIStatusBarStyle[sdk=iphonesimulator*]" = UIStatusBarStyleDefault;
				INFOPLIST_KEY_UISupportedInterfaceOrientations_iPad = "UIInterfaceOrientationPortrait UIInterfaceOrientationPortraitUpsideDown UIInterfaceOrientationLandscapeLeft UIInterfaceOrientationLandscapeRight";
				INFOPLIST_KEY_UISupportedInterfaceOrientations_iPhone = "UIInterfaceOrientationPortrait UIInterfaceOrientationLandscapeLeft UIInterfaceOrientationLandscapeRight";
				IPHONEOS_DEPLOYMENT_TARGET = 17.2;
				LD_RUNPATH_SEARCH_PATHS = "@executable_path/Frameworks";
				"LD_RUNPATH_SEARCH_PATHS[sdk=macosx*]" = "@executable_path/../Frameworks";
				MACOSX_DEPLOYMENT_TARGET = 14.2;
				MARKETING_VERSION = 1.0;
				PRODUCT_BUNDLE_IDENTIFIER = ash.iphoneapp;
				PRODUCT_NAME = "$(TARGET_NAME)";
				SDKROOT = auto;
				SUPPORTED_PLATFORMS = "iphoneos iphonesimulator macosx";
				SWIFT_EMIT_LOC_STRINGS = YES;
				SWIFT_VERSION = 5.0;
				TARGETED_DEVICE_FAMILY = "1,2";
			};
			name = Release;
		};
		FD5D49DF2B7362D0009F8933 /* Debug */ = {
			isa = XCBuildConfiguration;
			buildSettings = {
				ALWAYS_EMBED_SWIFT_STANDARD_LIBRARIES = YES;
				BUNDLE_LOADER = "$(TEST_HOST)";
				CODE_SIGN_STYLE = Automatic;
				CURRENT_PROJECT_VERSION = 1;
				GENERATE_INFOPLIST_FILE = YES;
				IPHONEOS_DEPLOYMENT_TARGET = 17.2;
				MACOSX_DEPLOYMENT_TARGET = 14.2;
				MARKETING_VERSION = 1.0;
				PRODUCT_BUNDLE_IDENTIFIER = ash.iphoneappTests;
				PRODUCT_NAME = "$(TARGET_NAME)";
				SDKROOT = auto;
				SUPPORTED_PLATFORMS = "iphoneos iphonesimulator macosx";
				SWIFT_EMIT_LOC_STRINGS = NO;
				SWIFT_VERSION = 5.0;
				TARGETED_DEVICE_FAMILY = "1,2";
				TEST_HOST = "$(BUILT_PRODUCTS_DIR)/iphoneapp.app/$(BUNDLE_EXECUTABLE_FOLDER_PATH)/iphoneapp";
			};
			name = Debug;
		};
		FD5D49E02B7362D0009F8933 /* Release */ = {
			isa = XCBuildConfiguration;
			buildSettings = {
				ALWAYS_EMBED_SWIFT_STANDARD_LIBRARIES = YES;
				BUNDLE_LOADER = "$(TEST_HOST)";
				CODE_SIGN_STYLE = Automatic;
				CURRENT_PROJECT_VERSION = 1;
				GENERATE_INFOPLIST_FILE = YES;
				IPHONEOS_DEPLOYMENT_TARGET = 17.2;
				MACOSX_DEPLOYMENT_TARGET = 14.2;
				MARKETING_VERSION = 1.0;
				PRODUCT_BUNDLE_IDENTIFIER = ash.iphoneappTests;
				PRODUCT_NAME = "$(TARGET_NAME)";
				SDKROOT = auto;
				SUPPORTED_PLATFORMS = "iphoneos iphonesimulator macosx";
				SWIFT_EMIT_LOC_STRINGS = NO;
				SWIFT_VERSION = 5.0;
				TARGETED_DEVICE_FAMILY = "1,2";
				TEST_HOST = "$(BUILT_PRODUCTS_DIR)/iphoneapp.app/$(BUNDLE_EXECUTABLE_FOLDER_PATH)/iphoneapp";
			};
			name = Release;
		};
		FD5D49E22B7362D0009F8933 /* Debug */ = {
			isa = XCBuildConfiguration;
			buildSettings = {
				ALWAYS_EMBED_SWIFT_STANDARD_LIBRARIES = YES;
				CODE_SIGN_STYLE = Automatic;
				CURRENT_PROJECT_VERSION = 1;
				GENERATE_INFOPLIST_FILE = YES;
				IPHONEOS_DEPLOYMENT_TARGET = 17.2;
				MACOSX_DEPLOYMENT_TARGET = 14.2;
				MARKETING_VERSION = 1.0;
				PRODUCT_BUNDLE_IDENTIFIER = ash.iphoneappUITests;
				PRODUCT_NAME = "$(TARGET_NAME)";
				SDKROOT = auto;
				SUPPORTED_PLATFORMS = "iphoneos iphonesimulator macosx";
				SWIFT_EMIT_LOC_STRINGS = NO;
				SWIFT_VERSION = 5.0;
				TARGETED_DEVICE_FAMILY = "1,2";
				TEST_TARGET_NAME = iphoneapp;
			};
			name = Debug;
		};
		FD5D49E32B7362D0009F8933 /* Release */ = {
			isa = XCBuildConfiguration;
			buildSettings = {
				ALWAYS_EMBED_SWIFT_STANDARD_LIBRARIES = YES;
				CODE_SIGN_STYLE = Automatic;
				CURRENT_PROJECT_VERSION = 1;
				GENERATE_INFOPLIST_FILE = YES;
				IPHONEOS_DEPLOYMENT_TARGET = 17.2;
				MACOSX_DEPLOYMENT_TARGET = 14.2;
				MARKETING_VERSION = 1.0;
				PRODUCT_BUNDLE_IDENTIFIER = ash.iphoneappUITests;
				PRODUCT_NAME = "$(TARGET_NAME)";
				SDKROOT = auto;
				SUPPORTED_PLATFORMS = "iphoneos iphonesimulator macosx";
				SWIFT_EMIT_LOC_STRINGS = NO;
				SWIFT_VERSION = 5.0;
				TARGETED_DEVICE_FAMILY = "1,2";
				TEST_TARGET_NAME = iphoneapp;
			};
			name = Release;
		};
/* End XCBuildConfiguration section */

/* Begin XCConfigurationList section */
		FD5D49B12B7362CB009F8933 /* Build configuration list for PBXProject "iphoneapp" */ = {
			isa = XCConfigurationList;
			buildConfigurations = (
				FD5D49D92B7362D0009F8933 /* Debug */,
				FD5D49DA2B7362D0009F8933 /* Release */,
			);
			defaultConfigurationIsVisible = 0;
			defaultConfigurationName = Release;
		};
		FD5D49DB2B7362D0009F8933 /* Build configuration list for PBXNativeTarget "iphoneapp" */ = {
			isa = XCConfigurationList;
			buildConfigurations = (
				FD5D49DC2B7362D0009F8933 /* Debug */,
				FD5D49DD2B7362D0009F8933 /* Release */,
			);
			defaultConfigurationIsVisible = 0;
			defaultConfigurationName = Release;
		};
		FD5D49DE2B7362D0009F8933 /* Build configuration list for PBXNativeTarget "iphoneappTests" */ = {
			isa = XCConfigurationList;
			buildConfigurations = (
				FD5D49DF2B7362D0009F8933 /* Debug */,
				FD5D49E02B7362D0009F8933 /* Release */,
			);
			defaultConfigurationIsVisible = 0;
			defaultConfigurationName = Release;
		};
		FD5D49E12B7362D0009F8933 /* Build configuration list for PBXNativeTarget "iphoneappUITests" */ = {
			isa = XCConfigurationList;
			buildConfigurations = (
				FD5D49E22B7362D0009F8933 /* Debug */,
				FD5D49E32B7362D0009F8933 /* Release */,
			);
			defaultConfigurationIsVisible = 0;
			defaultConfigurationName = Release;
		};
/* End XCConfigurationList section */
	};
	rootObject = FD5D49AE2B7362CB009F8933 /* Project object */;
}
