// !$*UTF8*$!
{
	archiveVersion = 1;
	classes = {
	};
	objectVersion = 50;
	objects = {

/* Begin PBXBuildFile section */
		5EFC25B62312641C007CA2FE /* AppDelegate.swift in Sources */ = {isa = PBXBuildFile; fileRef = 5EFC25B52312641C007CA2FE /* AppDelegate.swift */; };
		5EFC25B82312641C007CA2FE /* ViewController.swift in Sources */ = {isa = PBXBuildFile; fileRef = 5EFC25B72312641C007CA2FE /* ViewController.swift */; };
		5EFC25BB2312641C007CA2FE /* Main.storyboard in Resources */ = {isa = PBXBuildFile; fileRef = 5EFC25B92312641C007CA2FE /* Main.storyboard */; };
		5EFC25BD2312641E007CA2FE /* Assets.xcassets in Resources */ = {isa = PBXBuildFile; fileRef = 5EFC25BC2312641E007CA2FE /* Assets.xcassets */; };
		5EFC25C02312641E007CA2FE /* LaunchScreen.storyboard in Resources */ = {isa = PBXBuildFile; fileRef = 5EFC25BE2312641E007CA2FE /* LaunchScreen.storyboard */; };
		5EFC25CB2312641E007CA2FE /* InterfaceAssTests.swift in Sources */ = {isa = PBXBuildFile; fileRef = 5EFC25CA2312641E007CA2FE /* InterfaceAssTests.swift */; };
		5EFC25D62312641E007CA2FE /* InterfaceAssUITests.swift in Sources */ = {isa = PBXBuildFile; fileRef = 5EFC25D52312641E007CA2FE /* InterfaceAssUITests.swift */; };
		5EFC25E423128F06007CA2FE /* apple.jpg in Resources */ = {isa = PBXBuildFile; fileRef = 5EFC25E323128F06007CA2FE /* apple.jpg */; };
		5EFC25E6231298DC007CA2FE /* banana.jpg in Resources */ = {isa = PBXBuildFile; fileRef = 5EFC25E5231298DC007CA2FE /* banana.jpg */; };
		5EFC25EB23129931007CA2FE /* strawberry.jpg in Resources */ = {isa = PBXBuildFile; fileRef = 5EFC25E723129931007CA2FE /* strawberry.jpg */; };
		5EFC25EC23129931007CA2FE /* watermelon.jpg in Resources */ = {isa = PBXBuildFile; fileRef = 5EFC25E823129931007CA2FE /* watermelon.jpg */; };
		5EFC25ED23129931007CA2FE /* pineapple.jpeg in Resources */ = {isa = PBXBuildFile; fileRef = 5EFC25E923129931007CA2FE /* pineapple.jpeg */; };
		5EFC25EE23129931007CA2FE /* grapes.jpg in Resources */ = {isa = PBXBuildFile; fileRef = 5EFC25EA23129931007CA2FE /* grapes.jpg */; };
/* End PBXBuildFile section */

/* Begin PBXContainerItemProxy section */
		5EFC25C72312641E007CA2FE /* PBXContainerItemProxy */ = {
			isa = PBXContainerItemProxy;
			containerPortal = 5EFC25AA2312641C007CA2FE /* Project object */;
			proxyType = 1;
			remoteGlobalIDString = 5EFC25B12312641C007CA2FE;
			remoteInfo = InterfaceAss;
		};
		5EFC25D22312641E007CA2FE /* PBXContainerItemProxy */ = {
			isa = PBXContainerItemProxy;
			containerPortal = 5EFC25AA2312641C007CA2FE /* Project object */;
			proxyType = 1;
			remoteGlobalIDString = 5EFC25B12312641C007CA2FE;
			remoteInfo = InterfaceAss;
		};
/* End PBXContainerItemProxy section */

/* Begin PBXFileReference section */
		5EFC25B22312641C007CA2FE /* InterfaceAss.app */ = {isa = PBXFileReference; explicitFileType = wrapper.application; includeInIndex = 0; path = InterfaceAss.app; sourceTree = BUILT_PRODUCTS_DIR; };
		5EFC25B52312641C007CA2FE /* AppDelegate.swift */ = {isa = PBXFileReference; lastKnownFileType = sourcecode.swift; path = AppDelegate.swift; sourceTree = "<group>"; };
		5EFC25B72312641C007CA2FE /* ViewController.swift */ = {isa = PBXFileReference; lastKnownFileType = sourcecode.swift; path = ViewController.swift; sourceTree = "<group>"; };
		5EFC25BA2312641C007CA2FE /* Base */ = {isa = PBXFileReference; lastKnownFileType = file.storyboard; name = Base; path = Base.lproj/Main.storyboard; sourceTree = "<group>"; };
		5EFC25BC2312641E007CA2FE /* Assets.xcassets */ = {isa = PBXFileReference; lastKnownFileType = folder.assetcatalog; path = Assets.xcassets; sourceTree = "<group>"; };
		5EFC25BF2312641E007CA2FE /* Base */ = {isa = PBXFileReference; lastKnownFileType = file.storyboard; name = Base; path = Base.lproj/LaunchScreen.storyboard; sourceTree = "<group>"; };
		5EFC25C12312641E007CA2FE /* Info.plist */ = {isa = PBXFileReference; lastKnownFileType = text.plist.xml; path = Info.plist; sourceTree = "<group>"; };
		5EFC25C62312641E007CA2FE /* InterfaceAssTests.xctest */ = {isa = PBXFileReference; explicitFileType = wrapper.cfbundle; includeInIndex = 0; path = InterfaceAssTests.xctest; sourceTree = BUILT_PRODUCTS_DIR; };
		5EFC25CA2312641E007CA2FE /* InterfaceAssTests.swift */ = {isa = PBXFileReference; lastKnownFileType = sourcecode.swift; path = InterfaceAssTests.swift; sourceTree = "<group>"; };
		5EFC25CC2312641E007CA2FE /* Info.plist */ = {isa = PBXFileReference; lastKnownFileType = text.plist.xml; path = Info.plist; sourceTree = "<group>"; };
		5EFC25D12312641E007CA2FE /* InterfaceAssUITests.xctest */ = {isa = PBXFileReference; explicitFileType = wrapper.cfbundle; includeInIndex = 0; path = InterfaceAssUITests.xctest; sourceTree = BUILT_PRODUCTS_DIR; };
		5EFC25D52312641E007CA2FE /* InterfaceAssUITests.swift */ = {isa = PBXFileReference; lastKnownFileType = sourcecode.swift; path = InterfaceAssUITests.swift; sourceTree = "<group>"; };
		5EFC25D72312641E007CA2FE /* Info.plist */ = {isa = PBXFileReference; lastKnownFileType = text.plist.xml; path = Info.plist; sourceTree = "<group>"; };
		5EFC25E323128F06007CA2FE /* apple.jpg */ = {isa = PBXFileReference; lastKnownFileType = image.jpeg; path = apple.jpg; sourceTree = "<group>"; };
		5EFC25E5231298DC007CA2FE /* banana.jpg */ = {isa = PBXFileReference; lastKnownFileType = image.jpeg; path = banana.jpg; sourceTree = "<group>"; };
		5EFC25E723129931007CA2FE /* strawberry.jpg */ = {isa = PBXFileReference; lastKnownFileType = image.jpeg; path = strawberry.jpg; sourceTree = "<group>"; };
		5EFC25E823129931007CA2FE /* watermelon.jpg */ = {isa = PBXFileReference; lastKnownFileType = image.jpeg; path = watermelon.jpg; sourceTree = "<group>"; };
		5EFC25E923129931007CA2FE /* pineapple.jpeg */ = {isa = PBXFileReference; lastKnownFileType = image.jpeg; path = pineapple.jpeg; sourceTree = "<group>"; };
		5EFC25EA23129931007CA2FE /* grapes.jpg */ = {isa = PBXFileReference; lastKnownFileType = image.jpeg; path = grapes.jpg; sourceTree = "<group>"; };
/* End PBXFileReference section */

/* Begin PBXFrameworksBuildPhase section */
		5EFC25AF2312641C007CA2FE /* Frameworks */ = {
			isa = PBXFrameworksBuildPhase;
			buildActionMask = 2147483647;
			files = (
			);
			runOnlyForDeploymentPostprocessing = 0;
		};
		5EFC25C32312641E007CA2FE /* Frameworks */ = {
			isa = PBXFrameworksBuildPhase;
			buildActionMask = 2147483647;
			files = (
			);
			runOnlyForDeploymentPostprocessing = 0;
		};
		5EFC25CE2312641E007CA2FE /* Frameworks */ = {
			isa = PBXFrameworksBuildPhase;
			buildActionMask = 2147483647;
			files = (
			);
			runOnlyForDeploymentPostprocessing = 0;
		};
/* End PBXFrameworksBuildPhase section */

/* Begin PBXGroup section */
		5EFC25A92312641C007CA2FE = {
			isa = PBXGroup;
			children = (
				5EFC25B42312641C007CA2FE /* InterfaceAss */,
				5EFC25C92312641E007CA2FE /* InterfaceAssTests */,
				5EFC25D42312641E007CA2FE /* InterfaceAssUITests */,
				5EFC25B32312641C007CA2FE /* Products */,
			);
			sourceTree = "<group>";
		};
		5EFC25B32312641C007CA2FE /* Products */ = {
			isa = PBXGroup;
			children = (
				5EFC25B22312641C007CA2FE /* InterfaceAss.app */,
				5EFC25C62312641E007CA2FE /* InterfaceAssTests.xctest */,
				5EFC25D12312641E007CA2FE /* InterfaceAssUITests.xctest */,
			);
			name = Products;
			sourceTree = "<group>";
		};
		5EFC25B42312641C007CA2FE /* InterfaceAss */ = {
			isa = PBXGroup;
			children = (
				5EFC25B52312641C007CA2FE /* AppDelegate.swift */,
				5EFC25B72312641C007CA2FE /* ViewController.swift */,
				5EFC25E723129931007CA2FE /* strawberry.jpg */,
				5EFC25E823129931007CA2FE /* watermelon.jpg */,
				5EFC25E923129931007CA2FE /* pineapple.jpeg */,
				5EFC25EA23129931007CA2FE /* grapes.jpg */,
				5EFC25E5231298DC007CA2FE /* banana.jpg */,
				5EFC25E323128F06007CA2FE /* apple.jpg */,
				5EFC25B92312641C007CA2FE /* Main.storyboard */,
				5EFC25BC2312641E007CA2FE /* Assets.xcassets */,
				5EFC25BE2312641E007CA2FE /* LaunchScreen.storyboard */,
				5EFC25C12312641E007CA2FE /* Info.plist */,
			);
			path = InterfaceAss;
			sourceTree = "<group>";
		};
		5EFC25C92312641E007CA2FE /* InterfaceAssTests */ = {
			isa = PBXGroup;
			children = (
				5EFC25CA2312641E007CA2FE /* InterfaceAssTests.swift */,
				5EFC25CC2312641E007CA2FE /* Info.plist */,
			);
			path = InterfaceAssTests;
			sourceTree = "<group>";
		};
		5EFC25D42312641E007CA2FE /* InterfaceAssUITests */ = {
			isa = PBXGroup;
			children = (
				5EFC25D52312641E007CA2FE /* InterfaceAssUITests.swift */,
				5EFC25D72312641E007CA2FE /* Info.plist */,
			);
			path = InterfaceAssUITests;
			sourceTree = "<group>";
		};
/* End PBXGroup section */

/* Begin PBXNativeTarget section */
		5EFC25B12312641C007CA2FE /* InterfaceAss */ = {
			isa = PBXNativeTarget;
			buildConfigurationList = 5EFC25DA2312641E007CA2FE /* Build configuration list for PBXNativeTarget "InterfaceAss" */;
			buildPhases = (
				5EFC25AE2312641C007CA2FE /* Sources */,
				5EFC25AF2312641C007CA2FE /* Frameworks */,
				5EFC25B02312641C007CA2FE /* Resources */,
			);
			buildRules = (
			);
			dependencies = (
			);
			name = InterfaceAss;
			productName = InterfaceAss;
			productReference = 5EFC25B22312641C007CA2FE /* InterfaceAss.app */;
			productType = "com.apple.product-type.application";
		};
		5EFC25C52312641E007CA2FE /* InterfaceAssTests */ = {
			isa = PBXNativeTarget;
			buildConfigurationList = 5EFC25DD2312641E007CA2FE /* Build configuration list for PBXNativeTarget "InterfaceAssTests" */;
			buildPhases = (
				5EFC25C22312641E007CA2FE /* Sources */,
				5EFC25C32312641E007CA2FE /* Frameworks */,
				5EFC25C42312641E007CA2FE /* Resources */,
			);
			buildRules = (
			);
			dependencies = (
				5EFC25C82312641E007CA2FE /* PBXTargetDependency */,
			);
			name = InterfaceAssTests;
			productName = InterfaceAssTests;
			productReference = 5EFC25C62312641E007CA2FE /* InterfaceAssTests.xctest */;
			productType = "com.apple.product-type.bundle.unit-test";
		};
		5EFC25D02312641E007CA2FE /* InterfaceAssUITests */ = {
			isa = PBXNativeTarget;
			buildConfigurationList = 5EFC25E02312641E007CA2FE /* Build configuration list for PBXNativeTarget "InterfaceAssUITests" */;
			buildPhases = (
				5EFC25CD2312641E007CA2FE /* Sources */,
				5EFC25CE2312641E007CA2FE /* Frameworks */,
				5EFC25CF2312641E007CA2FE /* Resources */,
			);
			buildRules = (
			);
			dependencies = (
				5EFC25D32312641E007CA2FE /* PBXTargetDependency */,
			);
			name = InterfaceAssUITests;
			productName = InterfaceAssUITests;
			productReference = 5EFC25D12312641E007CA2FE /* InterfaceAssUITests.xctest */;
			productType = "com.apple.product-type.bundle.ui-testing";
		};
/* End PBXNativeTarget section */

/* Begin PBXProject section */
		5EFC25AA2312641C007CA2FE /* Project object */ = {
			isa = PBXProject;
			attributes = {
				LastSwiftUpdateCheck = 1030;
				LastUpgradeCheck = 1030;
				ORGANIZATIONNAME = "Ashley Bythell";
				TargetAttributes = {
					5EFC25B12312641C007CA2FE = {
						CreatedOnToolsVersion = 10.3;
					};
					5EFC25C52312641E007CA2FE = {
						CreatedOnToolsVersion = 10.3;
						TestTargetID = 5EFC25B12312641C007CA2FE;
					};
					5EFC25D02312641E007CA2FE = {
						CreatedOnToolsVersion = 10.3;
						TestTargetID = 5EFC25B12312641C007CA2FE;
					};
				};
			};
			buildConfigurationList = 5EFC25AD2312641C007CA2FE /* Build configuration list for PBXProject "InterfaceAss" */;
			compatibilityVersion = "Xcode 9.3";
			developmentRegion = en;
			hasScannedForEncodings = 0;
			knownRegions = (
				en,
				Base,
			);
			mainGroup = 5EFC25A92312641C007CA2FE;
			productRefGroup = 5EFC25B32312641C007CA2FE /* Products */;
			projectDirPath = "";
			projectRoot = "";
			targets = (
				5EFC25B12312641C007CA2FE /* InterfaceAss */,
				5EFC25C52312641E007CA2FE /* InterfaceAssTests */,
				5EFC25D02312641E007CA2FE /* InterfaceAssUITests */,
			);
		};
/* End PBXProject section */

/* Begin PBXResourcesBuildPhase section */
		5EFC25B02312641C007CA2FE /* Resources */ = {
			isa = PBXResourcesBuildPhase;
			buildActionMask = 2147483647;
			files = (
				5EFC25ED23129931007CA2FE /* pineapple.jpeg in Resources */,
				5EFC25C02312641E007CA2FE /* LaunchScreen.storyboard in Resources */,
				5EFC25BD2312641E007CA2FE /* Assets.xcassets in Resources */,
				5EFC25E423128F06007CA2FE /* apple.jpg in Resources */,
				5EFC25BB2312641C007CA2FE /* Main.storyboard in Resources */,
				5EFC25EB23129931007CA2FE /* strawberry.jpg in Resources */,
				5EFC25EE23129931007CA2FE /* grapes.jpg in Resources */,
				5EFC25E6231298DC007CA2FE /* banana.jpg in Resources */,
				5EFC25EC23129931007CA2FE /* watermelon.jpg in Resources */,
			);
			runOnlyForDeploymentPostprocessing = 0;
		};
		5EFC25C42312641E007CA2FE /* Resources */ = {
			isa = PBXResourcesBuildPhase;
			buildActionMask = 2147483647;
			files = (
			);
			runOnlyForDeploymentPostprocessing = 0;
		};
		5EFC25CF2312641E007CA2FE /* Resources */ = {
			isa = PBXResourcesBuildPhase;
			buildActionMask = 2147483647;
			files = (
			);
			runOnlyForDeploymentPostprocessing = 0;
		};
/* End PBXResourcesBuildPhase section */

/* Begin PBXSourcesBuildPhase section */
		5EFC25AE2312641C007CA2FE /* Sources */ = {
			isa = PBXSourcesBuildPhase;
			buildActionMask = 2147483647;
			files = (
				5EFC25B82312641C007CA2FE /* ViewController.swift in Sources */,
				5EFC25B62312641C007CA2FE /* AppDelegate.swift in Sources */,
			);
			runOnlyForDeploymentPostprocessing = 0;
		};
		5EFC25C22312641E007CA2FE /* Sources */ = {
			isa = PBXSourcesBuildPhase;
			buildActionMask = 2147483647;
			files = (
				5EFC25CB2312641E007CA2FE /* InterfaceAssTests.swift in Sources */,
			);
			runOnlyForDeploymentPostprocessing = 0;
		};
		5EFC25CD2312641E007CA2FE /* Sources */ = {
			isa = PBXSourcesBuildPhase;
			buildActionMask = 2147483647;
			files = (
				5EFC25D62312641E007CA2FE /* InterfaceAssUITests.swift in Sources */,
			);
			runOnlyForDeploymentPostprocessing = 0;
		};
/* End PBXSourcesBuildPhase section */

/* Begin PBXTargetDependency section */
		5EFC25C82312641E007CA2FE /* PBXTargetDependency */ = {
			isa = PBXTargetDependency;
			target = 5EFC25B12312641C007CA2FE /* InterfaceAss */;
			targetProxy = 5EFC25C72312641E007CA2FE /* PBXContainerItemProxy */;
		};
		5EFC25D32312641E007CA2FE /* PBXTargetDependency */ = {
			isa = PBXTargetDependency;
			target = 5EFC25B12312641C007CA2FE /* InterfaceAss */;
			targetProxy = 5EFC25D22312641E007CA2FE /* PBXContainerItemProxy */;
		};
/* End PBXTargetDependency section */

/* Begin PBXVariantGroup section */
		5EFC25B92312641C007CA2FE /* Main.storyboard */ = {
			isa = PBXVariantGroup;
			children = (
				5EFC25BA2312641C007CA2FE /* Base */,
			);
			name = Main.storyboard;
			sourceTree = "<group>";
		};
		5EFC25BE2312641E007CA2FE /* LaunchScreen.storyboard */ = {
			isa = PBXVariantGroup;
			children = (
				5EFC25BF2312641E007CA2FE /* Base */,
			);
			name = LaunchScreen.storyboard;
			sourceTree = "<group>";
		};
/* End PBXVariantGroup section */

/* Begin XCBuildConfiguration section */
		5EFC25D82312641E007CA2FE /* Debug */ = {
			isa = XCBuildConfiguration;
			buildSettings = {
				ALWAYS_SEARCH_USER_PATHS = NO;
				CLANG_ANALYZER_NONNULL = YES;
				CLANG_ANALYZER_NUMBER_OBJECT_CONVERSION = YES_AGGRESSIVE;
				CLANG_CXX_LANGUAGE_STANDARD = "gnu++14";
				CLANG_CXX_LIBRARY = "libc++";
				CLANG_ENABLE_MODULES = YES;
				CLANG_ENABLE_OBJC_ARC = YES;
				CLANG_ENABLE_OBJC_WEAK = YES;
				CLANG_WARN_BLOCK_CAPTURE_AUTORELEASING = YES;
				CLANG_WARN_BOOL_CONVERSION = YES;
				CLANG_WARN_COMMA = YES;
				CLANG_WARN_CONSTANT_CONVERSION = YES;
				CLANG_WARN_DEPRECATED_OBJC_IMPLEMENTATIONS = YES;
				CLANG_WARN_DIRECT_OBJC_ISA_USAGE = YES_ERROR;
				CLANG_WARN_DOCUMENTATION_COMMENTS = YES;
				CLANG_WARN_EMPTY_BODY = YES;
				CLANG_WARN_ENUM_CONVERSION = YES;
				CLANG_WARN_INFINITE_RECURSION = YES;
				CLANG_WARN_INT_CONVERSION = YES;
				CLANG_WARN_NON_LITERAL_NULL_CONVERSION = YES;
				CLANG_WARN_OBJC_IMPLICIT_RETAIN_SELF = YES;
				CLANG_WARN_OBJC_LITERAL_CONVERSION = YES;
				CLANG_WARN_OBJC_ROOT_CLASS = YES_ERROR;
				CLANG_WARN_RANGE_LOOP_ANALYSIS = YES;
				CLANG_WARN_STRICT_PROTOTYPES = YES;
				CLANG_WARN_SUSPICIOUS_MOVE = YES;
				CLANG_WARN_UNGUARDED_AVAILABILITY = YES_AGGRESSIVE;
				CLANG_WARN_UNREACHABLE_CODE = YES;
				CLANG_WARN__DUPLICATE_METHOD_MATCH = YES;
				CODE_SIGN_IDENTITY = "iPhone Developer";
				COPY_PHASE_STRIP = NO;
				DEBUG_INFORMATION_FORMAT = dwarf;
				ENABLE_STRICT_OBJC_MSGSEND = YES;
				ENABLE_TESTABILITY = YES;
				GCC_C_LANGUAGE_STANDARD = gnu11;
				GCC_DYNAMIC_NO_PIC = NO;
				GCC_NO_COMMON_BLOCKS = YES;
				GCC_OPTIMIZATION_LEVEL = 0;
				GCC_PREPROCESSOR_DEFINITIONS = (
					"DEBUG=1",
					"$(inherited)",
				);
				GCC_WARN_64_TO_32_BIT_CONVERSION = YES;
				GCC_WARN_ABOUT_RETURN_TYPE = YES_ERROR;
				GCC_WARN_UNDECLARED_SELECTOR = YES;
				GCC_WARN_UNINITIALIZED_AUTOS = YES_AGGRESSIVE;
				GCC_WARN_UNUSED_FUNCTION = YES;
				GCC_WARN_UNUSED_VARIABLE = YES;
				IPHONEOS_DEPLOYMENT_TARGET = 12.4;
				MTL_ENABLE_DEBUG_INFO = INCLUDE_SOURCE;
				MTL_FAST_MATH = YES;
				ONLY_ACTIVE_ARCH = YES;
				SDKROOT = iphoneos;
				SWIFT_ACTIVE_COMPILATION_CONDITIONS = DEBUG;
				SWIFT_OPTIMIZATION_LEVEL = "-Onone";
			};
			name = Debug;
		};
		5EFC25D92312641E007CA2FE /* Release */ = {
			isa = XCBuildConfiguration;
			buildSettings = {
				ALWAYS_SEARCH_USER_PATHS = NO;
				CLANG_ANALYZER_NONNULL = YES;
				CLANG_ANALYZER_NUMBER_OBJECT_CONVERSION = YES_AGGRESSIVE;
				CLANG_CXX_LANGUAGE_STANDARD = "gnu++14";
				CLANG_CXX_LIBRARY = "libc++";
				CLANG_ENABLE_MODULES = YES;
				CLANG_ENABLE_OBJC_ARC = YES;
				CLANG_ENABLE_OBJC_WEAK = YES;
				CLANG_WARN_BLOCK_CAPTURE_AUTORELEASING = YES;
				CLANG_WARN_BOOL_CONVERSION = YES;
				CLANG_WARN_COMMA = YES;
				CLANG_WARN_CONSTANT_CONVERSION = YES;
				CLANG_WARN_DEPRECATED_OBJC_IMPLEMENTATIONS = YES;
				CLANG_WARN_DIRECT_OBJC_ISA_USAGE = YES_ERROR;
				CLANG_WARN_DOCUMENTATION_COMMENTS = YES;
				CLANG_WARN_EMPTY_BODY = YES;
				CLANG_WARN_ENUM_CONVERSION = YES;
				CLANG_WARN_INFINITE_RECURSION = YES;
				CLANG_WARN_INT_CONVERSION = YES;
				CLANG_WARN_NON_LITERAL_NULL_CONVERSION = YES;
				CLANG_WARN_OBJC_IMPLICIT_RETAIN_SELF = YES;
				CLANG_WARN_OBJC_LITERAL_CONVERSION = YES;
				CLANG_WARN_OBJC_ROOT_CLASS = YES_ERROR;
				CLANG_WARN_RANGE_LOOP_ANALYSIS = YES;
				CLANG_WARN_STRICT_PROTOTYPES = YES;
				CLANG_WARN_SUSPICIOUS_MOVE = YES;
				CLANG_WARN_UNGUARDED_AVAILABILITY = YES_AGGRESSIVE;
				CLANG_WARN_UNREACHABLE_CODE = YES;
				CLANG_WARN__DUPLICATE_METHOD_MATCH = YES;
				CODE_SIGN_IDENTITY = "iPhone Developer";
				COPY_PHASE_STRIP = NO;
				DEBUG_INFORMATION_FORMAT = "dwarf-with-dsym";
				ENABLE_NS_ASSERTIONS = NO;
				ENABLE_STRICT_OBJC_MSGSEND = YES;
				GCC_C_LANGUAGE_STANDARD = gnu11;
				GCC_NO_COMMON_BLOCKS = YES;
				GCC_WARN_64_TO_32_BIT_CONVERSION = YES;
				GCC_WARN_ABOUT_RETURN_TYPE = YES_ERROR;
				GCC_WARN_UNDECLARED_SELECTOR = YES;
				GCC_WARN_UNINITIALIZED_AUTOS = YES_AGGRESSIVE;
				GCC_WARN_UNUSED_FUNCTION = YES;
				GCC_WARN_UNUSED_VARIABLE = YES;
				IPHONEOS_DEPLOYMENT_TARGET = 12.4;
				MTL_ENABLE_DEBUG_INFO = NO;
				MTL_FAST_MATH = YES;
				SDKROOT = iphoneos;
				SWIFT_COMPILATION_MODE = wholemodule;
				SWIFT_OPTIMIZATION_LEVEL = "-O";
				VALIDATE_PRODUCT = YES;
			};
			name = Release;
		};
		5EFC25DB2312641E007CA2FE /* Debug */ = {
			isa = XCBuildConfiguration;
			buildSettings = {
				ASSETCATALOG_COMPILER_APPICON_NAME = AppIcon;
				CODE_SIGN_STYLE = Automatic;
				DEVELOPMENT_TEAM = "";
				INFOPLIST_FILE = InterfaceAss/Info.plist;
				LD_RUNPATH_SEARCH_PATHS = (
					"$(inherited)",
					"@executable_path/Frameworks",
				);
				PRODUCT_BUNDLE_IDENTIFIER = com.ashleybythell.InterfaceAss;
				PRODUCT_NAME = "$(TARGET_NAME)";
				SWIFT_VERSION = 5.0;
				TARGETED_DEVICE_FAMILY = "1,2";
			};
			name = Debug;
		};
		5EFC25DC2312641E007CA2FE /* Release */ = {
			isa = XCBuildConfiguration;
			buildSettings = {
				ASSETCATALOG_COMPILER_APPICON_NAME = AppIcon;
				CODE_SIGN_STYLE = Automatic;
				DEVELOPMENT_TEAM = "";
				INFOPLIST_FILE = InterfaceAss/Info.plist;
				LD_RUNPATH_SEARCH_PATHS = (
					"$(inherited)",
					"@executable_path/Frameworks",
				);
				PRODUCT_BUNDLE_IDENTIFIER = com.ashleybythell.InterfaceAss;
				PRODUCT_NAME = "$(TARGET_NAME)";
				SWIFT_VERSION = 5.0;
				TARGETED_DEVICE_FAMILY = "1,2";
			};
			name = Release;
		};
		5EFC25DE2312641E007CA2FE /* Debug */ = {
			isa = XCBuildConfiguration;
			buildSettings = {
				ALWAYS_EMBED_SWIFT_STANDARD_LIBRARIES = YES;
				BUNDLE_LOADER = "$(TEST_HOST)";
				CODE_SIGN_STYLE = Automatic;
				INFOPLIST_FILE = InterfaceAssTests/Info.plist;
				LD_RUNPATH_SEARCH_PATHS = (
					"$(inherited)",
					"@executable_path/Frameworks",
					"@loader_path/Frameworks",
				);
				PRODUCT_BUNDLE_IDENTIFIER = com.ashleybythell.InterfaceAssTests;
				PRODUCT_NAME = "$(TARGET_NAME)";
				SWIFT_VERSION = 5.0;
				TARGETED_DEVICE_FAMILY = "1,2";
				TEST_HOST = "$(BUILT_PRODUCTS_DIR)/InterfaceAss.app/InterfaceAss";
			};
			name = Debug;
		};
		5EFC25DF2312641E007CA2FE /* Release */ = {
			isa = XCBuildConfiguration;
			buildSettings = {
				ALWAYS_EMBED_SWIFT_STANDARD_LIBRARIES = YES;
				BUNDLE_LOADER = "$(TEST_HOST)";
				CODE_SIGN_STYLE = Automatic;
				INFOPLIST_FILE = InterfaceAssTests/Info.plist;
				LD_RUNPATH_SEARCH_PATHS = (
					"$(inherited)",
					"@executable_path/Frameworks",
					"@loader_path/Frameworks",
				);
				PRODUCT_BUNDLE_IDENTIFIER = com.ashleybythell.InterfaceAssTests;
				PRODUCT_NAME = "$(TARGET_NAME)";
				SWIFT_VERSION = 5.0;
				TARGETED_DEVICE_FAMILY = "1,2";
				TEST_HOST = "$(BUILT_PRODUCTS_DIR)/InterfaceAss.app/InterfaceAss";
			};
			name = Release;
		};
		5EFC25E12312641E007CA2FE /* Debug */ = {
			isa = XCBuildConfiguration;
			buildSettings = {
				ALWAYS_EMBED_SWIFT_STANDARD_LIBRARIES = YES;
				CODE_SIGN_STYLE = Automatic;
				INFOPLIST_FILE = InterfaceAssUITests/Info.plist;
				LD_RUNPATH_SEARCH_PATHS = (
					"$(inherited)",
					"@executable_path/Frameworks",
					"@loader_path/Frameworks",
				);
				PRODUCT_BUNDLE_IDENTIFIER = com.ashleybythell.InterfaceAssUITests;
				PRODUCT_NAME = "$(TARGET_NAME)";
				SWIFT_VERSION = 5.0;
				TARGETED_DEVICE_FAMILY = "1,2";
				TEST_TARGET_NAME = InterfaceAss;
			};
			name = Debug;
		};
		5EFC25E22312641E007CA2FE /* Release */ = {
			isa = XCBuildConfiguration;
			buildSettings = {
				ALWAYS_EMBED_SWIFT_STANDARD_LIBRARIES = YES;
				CODE_SIGN_STYLE = Automatic;
				INFOPLIST_FILE = InterfaceAssUITests/Info.plist;
				LD_RUNPATH_SEARCH_PATHS = (
					"$(inherited)",
					"@executable_path/Frameworks",
					"@loader_path/Frameworks",
				);
				PRODUCT_BUNDLE_IDENTIFIER = com.ashleybythell.InterfaceAssUITests;
				PRODUCT_NAME = "$(TARGET_NAME)";
				SWIFT_VERSION = 5.0;
				TARGETED_DEVICE_FAMILY = "1,2";
				TEST_TARGET_NAME = InterfaceAss;
			};
			name = Release;
		};
/* End XCBuildConfiguration section */

/* Begin XCConfigurationList section */
		5EFC25AD2312641C007CA2FE /* Build configuration list for PBXProject "InterfaceAss" */ = {
			isa = XCConfigurationList;
			buildConfigurations = (
				5EFC25D82312641E007CA2FE /* Debug */,
				5EFC25D92312641E007CA2FE /* Release */,
			);
			defaultConfigurationIsVisible = 0;
			defaultConfigurationName = Release;
		};
		5EFC25DA2312641E007CA2FE /* Build configuration list for PBXNativeTarget "InterfaceAss" */ = {
			isa = XCConfigurationList;
			buildConfigurations = (
				5EFC25DB2312641E007CA2FE /* Debug */,
				5EFC25DC2312641E007CA2FE /* Release */,
			);
			defaultConfigurationIsVisible = 0;
			defaultConfigurationName = Release;
		};
		5EFC25DD2312641E007CA2FE /* Build configuration list for PBXNativeTarget "InterfaceAssTests" */ = {
			isa = XCConfigurationList;
			buildConfigurations = (
				5EFC25DE2312641E007CA2FE /* Debug */,
				5EFC25DF2312641E007CA2FE /* Release */,
			);
			defaultConfigurationIsVisible = 0;
			defaultConfigurationName = Release;
		};
		5EFC25E02312641E007CA2FE /* Build configuration list for PBXNativeTarget "InterfaceAssUITests" */ = {
			isa = XCConfigurationList;
			buildConfigurations = (
				5EFC25E12312641E007CA2FE /* Debug */,
				5EFC25E22312641E007CA2FE /* Release */,
			);
			defaultConfigurationIsVisible = 0;
			defaultConfigurationName = Release;
		};
/* End XCConfigurationList section */
	};
	rootObject = 5EFC25AA2312641C007CA2FE /* Project object */;
}
